
Microsoft Visual Studio Solution File, Format Version 12.00
# Visual Studio 15
VisualStudioVersion = 15.0.27703.2042
MinimumVisualStudioVersion = 10.0.40219.1
Project("{8BC9CEB8-8B4A-11D0-8D11-00A0C91BC942}") = "Stacked-Balls---2D", "Stacked-Balls---2D\Stacked-Balls---2D.vcxproj", "{C4002943-5A06-455C-8539-8F62DB966034}"
EndProject
Global
	GlobalSection(SolutionConfigurationPlatforms) = preSolution
		Debug|x64 = Debug|x64
		Debug|x86 = Debug|x86
		Release|x64 = Release|x64
		Release|x86 = Release|x86
	EndGlobalSection
	GlobalSection(ProjectConfigurationPlatforms) = postSolution
		{C4002943-5A06-455C-8539-8F62DB966034}.Debug|x64.ActiveCfg = Debug|x64
		{C4002943-5A06-455C-8539-8F62DB966034}.Debug|x64.Build.0 = Debug|x64
		{C4002943-5A06-455C-8539-8F62DB966034}.Debug|x86.ActiveCfg = Debug|Win32
		{C4002943-5A06-455C-8539-8F62DB966034}.Debug|x86.Build.0 = Debug|Win32
		{C4002943-5A06-455C-8539-8F62DB966034}.Release|x64.ActiveCfg = Release|x64
		{C4002943-5A06-455C-8539-8F62DB966034}.Release|x64.Build.0 = Release|x64
		{C4002943-5A06-455C-8539-8F62DB966034}.Release|x86.ActiveCfg = Release|Win32
		{C4002943-5A06-455C-8539-8F62DB966034}.Release|x86.Build.0 = Release|Win32
	EndGlobalSection
	GlobalSection(SolutionProperties) = preSolution
		HideSolutionNode = FALSE
	EndGlobalSection
	GlobalSection(ExtensibilityGlobals) = postSolution
		SolutionGuid = {2DF23F06-DF54-448C-9A49-74224D339903}
	EndGlobalSection
EndGlobal
